
Microsoft Visual Studio Solution File, Format Version 12.00
# Visual Studio 15
VisualStudioVersion = 15.0.27428.2043
MinimumVisualStudioVersion = 10.0.40219.1
Project("{8BC9CEB8-8B4A-11D0-8D11-00A0C91BC942}") = "Project1", "Project1\Project1.vcxproj", "{232593DD-8146-4EFE-8297-2666C62C44AC}"
EndProject
Global
	GlobalSection(SolutionConfigurationPlatforms) = preSolution
		Debug|x64 = Debug|x64
		Debug|x86 = Debug|x86
		Release|x64 = Release|x64
		Release|x86 = Release|x86
	EndGlobalSection
	GlobalSection(ProjectConfigurationPlatforms) = postSolution
		{232593DD-8146-4EFE-8297-2666C62C44AC}.Debug|x64.ActiveCfg = Debug|x64
		{232593DD-8146-4EFE-8297-2666C62C44AC}.Debug|x64.Build.0 = Debug|x64
		{232593DD-8146-4EFE-8297-2666C62C44AC}.Debug|x86.ActiveCfg = Debug|Win32
		{232593DD-8146-4EFE-8297-2666C62C44AC}.Debug|x86.Build.0 = Debug|Win32
		{232593DD-8146-4EFE-8297-2666C62C44AC}.Release|x64.ActiveCfg = Release|x64
		{232593DD-8146-4EFE-8297-2666C62C44AC}.Release|x64.Build.0 = Release|x64
		{232593DD-8146-4EFE-8297-2666C62C44AC}.Release|x86.ActiveCfg = Release|Win32
		{232593DD-8146-4EFE-8297-2666C62C44AC}.Release|x86.Build.0 = Release|Win32
	EndGlobalSection
	GlobalSection(SolutionProperties) = preSolution
		HideSolutionNode = FALSE
	EndGlobalSection
	GlobalSection(ExtensibilityGlobals) = postSolution
		SolutionGuid = {AB1F8626-6B84-48CC-976B-9BADB20A4D6C}
	EndGlobalSection
EndGlobal
